// !$*UTF8*$!
{
	archiveVersion = 1;
	classes = {
	};
	objectVersion = 50;
	objects = {

/* Begin PBXBuildFile section */
		5A5047130BCE573669865C2E /* Pods_SweetSpotTests.framework in Frameworks */ = {isa = PBXBuildFile; fileRef = E9EAE17EC1B278399CB108FA /* Pods_SweetSpotTests.framework */; };
		D7CD21490C4C03C468F17A29 /* Pods_SweetSpot.framework in Frameworks */ = {isa = PBXBuildFile; fileRef = B67AE4142E20E561768B59CE /* Pods_SweetSpot.framework */; };
		E01CDAA4221F332A00419D76 /* UIColor+extension.swift in Sources */ = {isa = PBXBuildFile; fileRef = E01CDAA3221F332A00419D76 /* UIColor+extension.swift */; };
		E01CDAA6221F366300419D76 /* Color.swift in Sources */ = {isa = PBXBuildFile; fileRef = E01CDAA5221F366300419D76 /* Color.swift */; };
		E01CDAAC221F4C9F00419D76 /* MapViewModel.swift in Sources */ = {isa = PBXBuildFile; fileRef = E01CDAAB221F4C9F00419D76 /* MapViewModel.swift */; };
		E01CDAAF221F515300419D76 /* UIViewController+AlertManager.swift in Sources */ = {isa = PBXBuildFile; fileRef = E01CDAAE221F515300419D76 /* UIViewController+AlertManager.swift */; };
		E01CDAB2221F5A5C00419D76 /* Locatable.swift in Sources */ = {isa = PBXBuildFile; fileRef = E01CDAB1221F5A5C00419D76 /* Locatable.swift */; };
		E01CDAB4221F5AFE00419D76 /* UserLocatableProvider.swift in Sources */ = {isa = PBXBuildFile; fileRef = E01CDAB3221F5AFE00419D76 /* UserLocatableProvider.swift */; };
		E01CDAB6221F5C2600419D76 /* LocatableProvider.swift in Sources */ = {isa = PBXBuildFile; fileRef = E01CDAB5221F5C2600419D76 /* LocatableProvider.swift */; };
		E01CDAB8221F5D6400419D76 /* UserLocatableService.swift in Sources */ = {isa = PBXBuildFile; fileRef = E01CDAB7221F5D6400419D76 /* UserLocatableService.swift */; };
		E01CDABC221F5F9400419D76 /* Result.swift in Sources */ = {isa = PBXBuildFile; fileRef = E01CDABB221F5F9400419D76 /* Result.swift */; };
		E01CDABE221F64E400419D76 /* String+extension.swift in Sources */ = {isa = PBXBuildFile; fileRef = E01CDABD221F64E400419D76 /* String+extension.swift */; };
		E01CDAC0221F66D900419D76 /* UIApplication+extension.swift in Sources */ = {isa = PBXBuildFile; fileRef = E01CDABF221F66D900419D76 /* UIApplication+extension.swift */; };
		E053264C221CAC070083E38D /* Presentable.swift in Sources */ = {isa = PBXBuildFile; fileRef = E053264B221CAC070083E38D /* Presentable.swift */; };
		E053264E221CAC270083E38D /* Presenter.swift in Sources */ = {isa = PBXBuildFile; fileRef = E053264D221CAC270083E38D /* Presenter.swift */; };
		E0532654221CB06B0083E38D /* ApplicationCoordinator.swift in Sources */ = {isa = PBXBuildFile; fileRef = E0532653221CB06B0083E38D /* ApplicationCoordinator.swift */; };
		E053265B221CBEB20083E38D /* PersistanceContainer.swift in Sources */ = {isa = PBXBuildFile; fileRef = E053265A221CBEB10083E38D /* PersistanceContainer.swift */; };
		E053265D221CC0050083E38D /* ApplicationState.swift in Sources */ = {isa = PBXBuildFile; fileRef = E053265C221CC0050083E38D /* ApplicationState.swift */; };
		E0532660221CC0DC0083E38D /* UserSession.swift in Sources */ = {isa = PBXBuildFile; fileRef = E053265F221CC0DC0083E38D /* UserSession.swift */; };
		E0532662221CC1780083E38D /* UserProfile.swift in Sources */ = {isa = PBXBuildFile; fileRef = E0532661221CC1780083E38D /* UserProfile.swift */; };
		E0532664221CC1B40083E38D /* RemoteUserSession.swift in Sources */ = {isa = PBXBuildFile; fileRef = E0532663221CC1B40083E38D /* RemoteUserSession.swift */; };
		E0532666221CC2390083E38D /* UserSessionDataStore.swift in Sources */ = {isa = PBXBuildFile; fileRef = E0532665221CC2390083E38D /* UserSessionDataStore.swift */; };
		E0532669221DE7730083E38D /* BasePresentableFactory.swift in Sources */ = {isa = PBXBuildFile; fileRef = E0532668221DE7730083E38D /* BasePresentableFactory.swift */; };
		E053266C221DE7F40083E38D /* Router.swift in Sources */ = {isa = PBXBuildFile; fileRef = E053266B221DE7F40083E38D /* Router.swift */; };
		E053266E221DE9BF0083E38D /* WindowProviding.swift in Sources */ = {isa = PBXBuildFile; fileRef = E053266D221DE9BF0083E38D /* WindowProviding.swift */; };
		E0532670221DED150083E38D /* ApplicationChildCoordinatorFactory.swift in Sources */ = {isa = PBXBuildFile; fileRef = E053266F221DED150083E38D /* ApplicationChildCoordinatorFactory.swift */; };
		E0532672221E0DCB0083E38D /* BaseCoordinator.swift in Sources */ = {isa = PBXBuildFile; fileRef = E0532671221E0DCB0083E38D /* BaseCoordinator.swift */; };
		E070B5B0221C964200AD3623 /* MapViewPresentableFactory.swift in Sources */ = {isa = PBXBuildFile; fileRef = E070B5AF221C964200AD3623 /* MapViewPresentableFactory.swift */; };
		E070B5B2221C97DB00AD3623 /* MapViewController.swift in Sources */ = {isa = PBXBuildFile; fileRef = E070B5B1221C97DB00AD3623 /* MapViewController.swift */; };
		E0B2E0B22229A5D600C07A1A /* RequestData.swift in Sources */ = {isa = PBXBuildFile; fileRef = E0B2E0B12229A5D600C07A1A /* RequestData.swift */; };
		E0B2E0B42229A71D00C07A1A /* RequestType.swift in Sources */ = {isa = PBXBuildFile; fileRef = E0B2E0B32229A71D00C07A1A /* RequestType.swift */; };
		E0B2E0B92229A81400C07A1A /* NetworkDispatcher.swift in Sources */ = {isa = PBXBuildFile; fileRef = E0B2E0B82229A81400C07A1A /* NetworkDispatcher.swift */; };
		E0B2E0C02229AFAD00C07A1A /* MapViewCoordinatorTests.swift in Sources */ = {isa = PBXBuildFile; fileRef = E0B2E0BF2229AFAD00C07A1A /* MapViewCoordinatorTests.swift */; };
		E0B2E0C72229B24800C07A1A /* MockRouter.swift in Sources */ = {isa = PBXBuildFile; fileRef = E0B2E0C62229B24800C07A1A /* MockRouter.swift */; };
		E0F74E81221B676E00707338 /* AppDelegate.swift in Sources */ = {isa = PBXBuildFile; fileRef = E0F74E80221B676E00707338 /* AppDelegate.swift */; };
		E0F74E89221B676E00707338 /* SweetSpot.xcdatamodeld in Sources */ = {isa = PBXBuildFile; fileRef = E0F74E87221B676E00707338 /* SweetSpot.xcdatamodeld */; };
		E0F74E8B221B677000707338 /* Assets.xcassets in Resources */ = {isa = PBXBuildFile; fileRef = E0F74E8A221B677000707338 /* Assets.xcassets */; };
		E0F74E8E221B677000707338 /* LaunchScreen.storyboard in Resources */ = {isa = PBXBuildFile; fileRef = E0F74E8C221B677000707338 /* LaunchScreen.storyboard */; };
		E0F74EA9221B722000707338 /* MapViewController.storyboard in Resources */ = {isa = PBXBuildFile; fileRef = E0F74EA8221B722000707338 /* MapViewController.storyboard */; };
		E0F74EAB221B724700707338 /* MapViewCoordinator.swift in Sources */ = {isa = PBXBuildFile; fileRef = E0F74EAA221B724700707338 /* MapViewCoordinator.swift */; };
		E0F74EAE221B74A600707338 /* Coordinator.swift in Sources */ = {isa = PBXBuildFile; fileRef = E0F74EAD221B74A600707338 /* Coordinator.swift */; };
		E0F74EB9221B771D00707338 /* Storyboardable.swift in Sources */ = {isa = PBXBuildFile; fileRef = E0F74EB8221B771D00707338 /* Storyboardable.swift */; };
/* End PBXBuildFile section */

/* Begin PBXContainerItemProxy section */
		E0F74E95221B677100707338 /* PBXContainerItemProxy */ = {
			isa = PBXContainerItemProxy;
			containerPortal = E0F74E75221B676E00707338 /* Project object */;
			proxyType = 1;
			remoteGlobalIDString = E0F74E7C221B676E00707338;
			remoteInfo = SweetSpot;
		};
/* End PBXContainerItemProxy section */

/* Begin PBXFileReference section */
		241B982FF8B31ABF5DC9A587 /* Pods-SweetSpotTests.release.xcconfig */ = {isa = PBXFileReference; includeInIndex = 1; lastKnownFileType = text.xcconfig; name = "Pods-SweetSpotTests.release.xcconfig"; path = "Target Support Files/Pods-SweetSpotTests/Pods-SweetSpotTests.release.xcconfig"; sourceTree = "<group>"; };
		5397CAD1105F18A1F3ED0DA6 /* Pods-SweetSpotTests.debug.xcconfig */ = {isa = PBXFileReference; includeInIndex = 1; lastKnownFileType = text.xcconfig; name = "Pods-SweetSpotTests.debug.xcconfig"; path = "Target Support Files/Pods-SweetSpotTests/Pods-SweetSpotTests.debug.xcconfig"; sourceTree = "<group>"; };
		6594D32E4A8BD2EE909B2A79 /* Pods-SweetSpot.release.xcconfig */ = {isa = PBXFileReference; includeInIndex = 1; lastKnownFileType = text.xcconfig; name = "Pods-SweetSpot.release.xcconfig"; path = "Target Support Files/Pods-SweetSpot/Pods-SweetSpot.release.xcconfig"; sourceTree = "<group>"; };
		9EC11EA88B1EE4AAC912F748 /* Pods-SweetSpot.debug.xcconfig */ = {isa = PBXFileReference; includeInIndex = 1; lastKnownFileType = text.xcconfig; name = "Pods-SweetSpot.debug.xcconfig"; path = "Target Support Files/Pods-SweetSpot/Pods-SweetSpot.debug.xcconfig"; sourceTree = "<group>"; };
		B67AE4142E20E561768B59CE /* Pods_SweetSpot.framework */ = {isa = PBXFileReference; explicitFileType = wrapper.framework; includeInIndex = 0; path = Pods_SweetSpot.framework; sourceTree = BUILT_PRODUCTS_DIR; };
		E01CDAA3221F332A00419D76 /* UIColor+extension.swift */ = {isa = PBXFileReference; lastKnownFileType = sourcecode.swift; path = "UIColor+extension.swift"; sourceTree = "<group>"; };
		E01CDAA5221F366300419D76 /* Color.swift */ = {isa = PBXFileReference; lastKnownFileType = sourcecode.swift; path = Color.swift; sourceTree = "<group>"; };
		E01CDAAB221F4C9F00419D76 /* MapViewModel.swift */ = {isa = PBXFileReference; lastKnownFileType = sourcecode.swift; path = MapViewModel.swift; sourceTree = "<group>"; };
		E01CDAAE221F515300419D76 /* UIViewController+AlertManager.swift */ = {isa = PBXFileReference; lastKnownFileType = sourcecode.swift; path = "UIViewController+AlertManager.swift"; sourceTree = "<group>"; };
		E01CDAB1221F5A5C00419D76 /* Locatable.swift */ = {isa = PBXFileReference; lastKnownFileType = sourcecode.swift; path = Locatable.swift; sourceTree = "<group>"; };
		E01CDAB3221F5AFE00419D76 /* UserLocatableProvider.swift */ = {isa = PBXFileReference; lastKnownFileType = sourcecode.swift; path = UserLocatableProvider.swift; sourceTree = "<group>"; };
		E01CDAB5221F5C2600419D76 /* LocatableProvider.swift */ = {isa = PBXFileReference; lastKnownFileType = sourcecode.swift; path = LocatableProvider.swift; sourceTree = "<group>"; };
		E01CDAB7221F5D6400419D76 /* UserLocatableService.swift */ = {isa = PBXFileReference; lastKnownFileType = sourcecode.swift; path = UserLocatableService.swift; sourceTree = "<group>"; };
		E01CDABB221F5F9400419D76 /* Result.swift */ = {isa = PBXFileReference; lastKnownFileType = sourcecode.swift; path = Result.swift; sourceTree = "<group>"; };
		E01CDABD221F64E400419D76 /* String+extension.swift */ = {isa = PBXFileReference; lastKnownFileType = sourcecode.swift; path = "String+extension.swift"; sourceTree = "<group>"; };
		E01CDABF221F66D900419D76 /* UIApplication+extension.swift */ = {isa = PBXFileReference; lastKnownFileType = sourcecode.swift; path = "UIApplication+extension.swift"; sourceTree = "<group>"; };
		E053264B221CAC070083E38D /* Presentable.swift */ = {isa = PBXFileReference; lastKnownFileType = sourcecode.swift; path = Presentable.swift; sourceTree = "<group>"; };
		E053264D221CAC270083E38D /* Presenter.swift */ = {isa = PBXFileReference; lastKnownFileType = sourcecode.swift; path = Presenter.swift; sourceTree = "<group>"; };
		E0532653221CB06B0083E38D /* ApplicationCoordinator.swift */ = {isa = PBXFileReference; lastKnownFileType = sourcecode.swift; path = ApplicationCoordinator.swift; sourceTree = "<group>"; };
		E053265A221CBEB10083E38D /* PersistanceContainer.swift */ = {isa = PBXFileReference; lastKnownFileType = sourcecode.swift; path = PersistanceContainer.swift; sourceTree = "<group>"; };
		E053265C221CC0050083E38D /* ApplicationState.swift */ = {isa = PBXFileReference; lastKnownFileType = sourcecode.swift; path = ApplicationState.swift; sourceTree = "<group>"; };
		E053265F221CC0DC0083E38D /* UserSession.swift */ = {isa = PBXFileReference; lastKnownFileType = sourcecode.swift; path = UserSession.swift; sourceTree = "<group>"; };
		E0532661221CC1780083E38D /* UserProfile.swift */ = {isa = PBXFileReference; lastKnownFileType = sourcecode.swift; path = UserProfile.swift; sourceTree = "<group>"; };
		E0532663221CC1B40083E38D /* RemoteUserSession.swift */ = {isa = PBXFileReference; lastKnownFileType = sourcecode.swift; path = RemoteUserSession.swift; sourceTree = "<group>"; };
		E0532665221CC2390083E38D /* UserSessionDataStore.swift */ = {isa = PBXFileReference; lastKnownFileType = sourcecode.swift; path = UserSessionDataStore.swift; sourceTree = "<group>"; };
		E0532668221DE7730083E38D /* BasePresentableFactory.swift */ = {isa = PBXFileReference; lastKnownFileType = sourcecode.swift; path = BasePresentableFactory.swift; sourceTree = "<group>"; };
		E053266B221DE7F40083E38D /* Router.swift */ = {isa = PBXFileReference; lastKnownFileType = sourcecode.swift; path = Router.swift; sourceTree = "<group>"; };
		E053266D221DE9BF0083E38D /* WindowProviding.swift */ = {isa = PBXFileReference; lastKnownFileType = sourcecode.swift; path = WindowProviding.swift; sourceTree = "<group>"; };
		E053266F221DED150083E38D /* ApplicationChildCoordinatorFactory.swift */ = {isa = PBXFileReference; lastKnownFileType = sourcecode.swift; path = ApplicationChildCoordinatorFactory.swift; sourceTree = "<group>"; };
		E0532671221E0DCB0083E38D /* BaseCoordinator.swift */ = {isa = PBXFileReference; lastKnownFileType = sourcecode.swift; path = BaseCoordinator.swift; sourceTree = "<group>"; };
		E070B5AF221C964200AD3623 /* MapViewPresentableFactory.swift */ = {isa = PBXFileReference; lastKnownFileType = sourcecode.swift; path = MapViewPresentableFactory.swift; sourceTree = "<group>"; };
		E070B5B1221C97DB00AD3623 /* MapViewController.swift */ = {isa = PBXFileReference; lastKnownFileType = sourcecode.swift; path = MapViewController.swift; sourceTree = "<group>"; };
		E0B2E0B12229A5D600C07A1A /* RequestData.swift */ = {isa = PBXFileReference; lastKnownFileType = sourcecode.swift; path = RequestData.swift; sourceTree = "<group>"; };
		E0B2E0B32229A71D00C07A1A /* RequestType.swift */ = {isa = PBXFileReference; lastKnownFileType = sourcecode.swift; path = RequestType.swift; sourceTree = "<group>"; };
		E0B2E0B82229A81400C07A1A /* NetworkDispatcher.swift */ = {isa = PBXFileReference; lastKnownFileType = sourcecode.swift; path = NetworkDispatcher.swift; sourceTree = "<group>"; };
		E0B2E0BF2229AFAD00C07A1A /* MapViewCoordinatorTests.swift */ = {isa = PBXFileReference; lastKnownFileType = sourcecode.swift; path = MapViewCoordinatorTests.swift; sourceTree = "<group>"; };
		E0B2E0C12229B0FB00C07A1A /* SweetSpotTests-Bridging-Header.h */ = {isa = PBXFileReference; lastKnownFileType = sourcecode.c.h; path = "SweetSpotTests-Bridging-Header.h"; sourceTree = "<group>"; };
		E0B2E0C62229B24800C07A1A /* MockRouter.swift */ = {isa = PBXFileReference; lastKnownFileType = sourcecode.swift; path = MockRouter.swift; sourceTree = "<group>"; };
		E0F74E7D221B676E00707338 /* SweetSpot.app */ = {isa = PBXFileReference; explicitFileType = wrapper.application; includeInIndex = 0; path = SweetSpot.app; sourceTree = BUILT_PRODUCTS_DIR; };
		E0F74E80221B676E00707338 /* AppDelegate.swift */ = {isa = PBXFileReference; lastKnownFileType = sourcecode.swift; path = AppDelegate.swift; sourceTree = "<group>"; };
		E0F74E88221B676E00707338 /* SweetSpot.xcdatamodel */ = {isa = PBXFileReference; lastKnownFileType = wrapper.xcdatamodel; path = SweetSpot.xcdatamodel; sourceTree = "<group>"; };
		E0F74E8A221B677000707338 /* Assets.xcassets */ = {isa = PBXFileReference; lastKnownFileType = folder.assetcatalog; path = Assets.xcassets; sourceTree = "<group>"; };
		E0F74E8D221B677000707338 /* Base */ = {isa = PBXFileReference; lastKnownFileType = file.storyboard; name = Base; path = Base.lproj/LaunchScreen.storyboard; sourceTree = "<group>"; };
		E0F74E8F221B677000707338 /* Info.plist */ = {isa = PBXFileReference; lastKnownFileType = text.plist.xml; path = Info.plist; sourceTree = "<group>"; };
		E0F74E94221B677000707338 /* SweetSpotTests.xctest */ = {isa = PBXFileReference; explicitFileType = wrapper.cfbundle; includeInIndex = 0; path = SweetSpotTests.xctest; sourceTree = BUILT_PRODUCTS_DIR; };
		E0F74E9A221B677100707338 /* Info.plist */ = {isa = PBXFileReference; lastKnownFileType = text.plist.xml; path = Info.plist; sourceTree = "<group>"; };
		E0F74EA8221B722000707338 /* MapViewController.storyboard */ = {isa = PBXFileReference; lastKnownFileType = file.storyboard; path = MapViewController.storyboard; sourceTree = "<group>"; };
		E0F74EAA221B724700707338 /* MapViewCoordinator.swift */ = {isa = PBXFileReference; lastKnownFileType = sourcecode.swift; path = MapViewCoordinator.swift; sourceTree = "<group>"; };
		E0F74EAD221B74A600707338 /* Coordinator.swift */ = {isa = PBXFileReference; lastKnownFileType = sourcecode.swift; path = Coordinator.swift; sourceTree = "<group>"; };
		E0F74EB8221B771D00707338 /* Storyboardable.swift */ = {isa = PBXFileReference; lastKnownFileType = sourcecode.swift; path = Storyboardable.swift; sourceTree = "<group>"; };
		E9EAE17EC1B278399CB108FA /* Pods_SweetSpotTests.framework */ = {isa = PBXFileReference; explicitFileType = wrapper.framework; includeInIndex = 0; path = Pods_SweetSpotTests.framework; sourceTree = BUILT_PRODUCTS_DIR; };
/* End PBXFileReference section */

/* Begin PBXFrameworksBuildPhase section */
		E0F74E7A221B676E00707338 /* Frameworks */ = {
			isa = PBXFrameworksBuildPhase;
			buildActionMask = 2147483647;
			files = (
				D7CD21490C4C03C468F17A29 /* Pods_SweetSpot.framework in Frameworks */,
			);
			runOnlyForDeploymentPostprocessing = 0;
		};
		E0F74E91221B677000707338 /* Frameworks */ = {
			isa = PBXFrameworksBuildPhase;
			buildActionMask = 2147483647;
			files = (
				5A5047130BCE573669865C2E /* Pods_SweetSpotTests.framework in Frameworks */,
			);
			runOnlyForDeploymentPostprocessing = 0;
		};
/* End PBXFrameworksBuildPhase section */

/* Begin PBXGroup section */
		3A82E4BB3BC757D37DE6BC67 /* Pods */ = {
			isa = PBXGroup;
			children = (
				9EC11EA88B1EE4AAC912F748 /* Pods-SweetSpot.debug.xcconfig */,
				6594D32E4A8BD2EE909B2A79 /* Pods-SweetSpot.release.xcconfig */,
				5397CAD1105F18A1F3ED0DA6 /* Pods-SweetSpotTests.debug.xcconfig */,
				241B982FF8B31ABF5DC9A587 /* Pods-SweetSpotTests.release.xcconfig */,
			);
			path = Pods;
			sourceTree = "<group>";
		};
		B243D3CA576DC813A50AEDD5 /* Frameworks */ = {
			isa = PBXGroup;
			children = (
				B67AE4142E20E561768B59CE /* Pods_SweetSpot.framework */,
				E9EAE17EC1B278399CB108FA /* Pods_SweetSpotTests.framework */,
			);
			name = Frameworks;
			sourceTree = "<group>";
		};
		E01CDAA2221F331000419D76 /* Support */ = {
			isa = PBXGroup;
			children = (
				E01CDAA3221F332A00419D76 /* UIColor+extension.swift */,
				E01CDAA5221F366300419D76 /* Color.swift */,
				E01CDABD221F64E400419D76 /* String+extension.swift */,
				E01CDABF221F66D900419D76 /* UIApplication+extension.swift */,
			);
			path = Support;
			sourceTree = "<group>";
		};
		E01CDAAA221F46E500419D76 /* Search */ = {
			isa = PBXGroup;
			children = (
			);
			path = Search;
			sourceTree = "<group>";
		};
		E01CDAAD221F513200419D76 /* AppAlerts */ = {
			isa = PBXGroup;
			children = (
				E01CDAAE221F515300419D76 /* UIViewController+AlertManager.swift */,
			);
			path = AppAlerts;
			sourceTree = "<group>";
		};
		E01CDAB0221F5A4700419D76 /* Locatable */ = {
			isa = PBXGroup;
			children = (
				E01CDAB9221F5D6900419D76 /* Service */,
				E01CDAB1221F5A5C00419D76 /* Locatable.swift */,
				E01CDAB3221F5AFE00419D76 /* UserLocatableProvider.swift */,
				E01CDAB5221F5C2600419D76 /* LocatableProvider.swift */,
			);
			path = Locatable;
			sourceTree = "<group>";
		};
		E01CDAB9221F5D6900419D76 /* Service */ = {
			isa = PBXGroup;
			children = (
				E01CDAB7221F5D6400419D76 /* UserLocatableService.swift */,
			);
			path = Service;
			sourceTree = "<group>";
		};
		E01CDABA221F5F8500419D76 /* Result */ = {
			isa = PBXGroup;
			children = (
				E01CDABB221F5F9400419D76 /* Result.swift */,
			);
			path = Result;
			sourceTree = "<group>";
		};
		E0532651221CB04D0083E38D /* ApplicationRoot */ = {
			isa = PBXGroup;
			children = (
				E0532653221CB06B0083E38D /* ApplicationCoordinator.swift */,
				E053265C221CC0050083E38D /* ApplicationState.swift */,
				E053266F221DED150083E38D /* ApplicationChildCoordinatorFactory.swift */,
			);
			path = ApplicationRoot;
			sourceTree = "<group>";
		};
		E053265E221CC0CB0083E38D /* UserSession */ = {
			isa = PBXGroup;
			children = (
				E053265F221CC0DC0083E38D /* UserSession.swift */,
				E0532661221CC1780083E38D /* UserProfile.swift */,
				E0532663221CC1B40083E38D /* RemoteUserSession.swift */,
				E0532665221CC2390083E38D /* UserSessionDataStore.swift */,
			);
			path = UserSession;
			sourceTree = "<group>";
		};
		E053266A221DE7E80083E38D /* Router */ = {
			isa = PBXGroup;
			children = (
				E0532668221DE7730083E38D /* BasePresentableFactory.swift */,
				E053266B221DE7F40083E38D /* Router.swift */,
			);
			path = Router;
			sourceTree = "<group>";
		};
		E0B2E0A222299FF800C07A1A /* Networking */ = {
			isa = PBXGroup;
			children = (
				E0B2E0B72229A77800C07A1A /* Dispatch */,
				E0B2E0B52229A76100C07A1A /* Request */,
			);
			path = Networking;
			sourceTree = "<group>";
		};
		E0B2E0B52229A76100C07A1A /* Request */ = {
			isa = PBXGroup;
			children = (
				E0B2E0B12229A5D600C07A1A /* RequestData.swift */,
				E0B2E0B32229A71D00C07A1A /* RequestType.swift */,
			);
			path = Request;
			sourceTree = "<group>";
		};
		E0B2E0B72229A77800C07A1A /* Dispatch */ = {
			isa = PBXGroup;
			children = (
				E0B2E0B82229A81400C07A1A /* NetworkDispatcher.swift */,
			);
			path = Dispatch;
			sourceTree = "<group>";
		};
		E0B2E0BC2229AF8300C07A1A /* Sources */ = {
			isa = PBXGroup;
			children = (
				E0B2E0BD2229AF8D00C07A1A /* MapView */,
			);
			path = Sources;
			sourceTree = "<group>";
		};
		E0B2E0BD2229AF8D00C07A1A /* MapView */ = {
			isa = PBXGroup;
			children = (
				E0B2E0BF2229AFAD00C07A1A /* MapViewCoordinatorTests.swift */,
			);
			path = MapView;
			sourceTree = "<group>";
		};
		E0B2E0C22229B21900C07A1A /* Mocks */ = {
			isa = PBXGroup;
			children = (
				E0B2E0C52229B23500C07A1A /* Base */,
				E0B2E0C42229B22C00C07A1A /* MapView */,
			);
			path = Mocks;
			sourceTree = "<group>";
		};
		E0B2E0C32229B21E00C07A1A /* Stubs */ = {
			isa = PBXGroup;
			children = (
			);
			path = Stubs;
			sourceTree = "<group>";
		};
		E0B2E0C42229B22C00C07A1A /* MapView */ = {
			isa = PBXGroup;
			children = (
			);
			path = MapView;
			sourceTree = "<group>";
		};
		E0B2E0C52229B23500C07A1A /* Base */ = {
			isa = PBXGroup;
			children = (
				E0B2E0C62229B24800C07A1A /* MockRouter.swift */,
			);
			path = Base;
			sourceTree = "<group>";
		};
		E0F74E74221B676E00707338 = {
			isa = PBXGroup;
			children = (
				E0F74E7F221B676E00707338 /* SweetSpot */,
				E0F74E97221B677100707338 /* SweetSpotTests */,
				E0F74E7E221B676E00707338 /* Products */,
				3A82E4BB3BC757D37DE6BC67 /* Pods */,
				B243D3CA576DC813A50AEDD5 /* Frameworks */,
			);
			sourceTree = "<group>";
		};
		E0F74E7E221B676E00707338 /* Products */ = {
			isa = PBXGroup;
			children = (
				E0F74E7D221B676E00707338 /* SweetSpot.app */,
				E0F74E94221B677000707338 /* SweetSpotTests.xctest */,
			);
			name = Products;
			sourceTree = "<group>";
		};
		E0F74E7F221B676E00707338 /* SweetSpot */ = {
			isa = PBXGroup;
			children = (
				E0F74EA5221B67B200707338 /* Sources */,
				E0F74EA4221B67A900707338 /* Resources */,
				E0F74EA3221B679200707338 /* Data */,
			);
			path = SweetSpot;
			sourceTree = "<group>";
		};
		E0F74E97221B677100707338 /* SweetSpotTests */ = {
			isa = PBXGroup;
			children = (
				E0B2E0C32229B21E00C07A1A /* Stubs */,
				E0B2E0C22229B21900C07A1A /* Mocks */,
				E0B2E0BC2229AF8300C07A1A /* Sources */,
				E0F74EA6221B67E400707338 /* Resources */,
			);
			path = SweetSpotTests;
			sourceTree = "<group>";
		};
		E0F74EA3221B679200707338 /* Data */ = {
			isa = PBXGroup;
			children = (
				E0F74E87221B676E00707338 /* SweetSpot.xcdatamodeld */,
				E053265A221CBEB10083E38D /* PersistanceContainer.swift */,
			);
			path = Data;
			sourceTree = "<group>";
		};
		E0F74EA4221B67A900707338 /* Resources */ = {
			isa = PBXGroup;
			children = (
				E01CDAA2221F331000419D76 /* Support */,
				E0F74E8F221B677000707338 /* Info.plist */,
				E0F74E8A221B677000707338 /* Assets.xcassets */,
			);
			path = Resources;
			sourceTree = "<group>";
		};
		E0F74EA5221B67B200707338 /* Sources */ = {
			isa = PBXGroup;
			children = (
				E0B2E0A222299FF800C07A1A /* Networking */,
				E01CDAAD221F513200419D76 /* AppAlerts */,
				E0F74E80221B676E00707338 /* AppDelegate.swift */,
				E0F74E8C221B677000707338 /* LaunchScreen.storyboard */,
				E053265E221CC0CB0083E38D /* UserSession */,
				E0532651221CB04D0083E38D /* ApplicationRoot */,
				E0F74EAC221B725200707338 /* Base */,
				E0F74EA7221B71AB00707338 /* MapView */,
			);
			path = Sources;
			sourceTree = "<group>";
		};
		E0F74EA6221B67E400707338 /* Resources */ = {
			isa = PBXGroup;
			children = (
				E0F74E9A221B677100707338 /* Info.plist */,
				E0B2E0C12229B0FB00C07A1A /* SweetSpotTests-Bridging-Header.h */,
			);
			path = Resources;
			sourceTree = "<group>";
		};
		E0F74EA7221B71AB00707338 /* MapView */ = {
			isa = PBXGroup;
			children = (
				E01CDAAA221F46E500419D76 /* Search */,
				E0F74EA8221B722000707338 /* MapViewController.storyboard */,
				E0F74EAA221B724700707338 /* MapViewCoordinator.swift */,
				E070B5AF221C964200AD3623 /* MapViewPresentableFactory.swift */,
				E070B5B1221C97DB00AD3623 /* MapViewController.swift */,
				E01CDAAB221F4C9F00419D76 /* MapViewModel.swift */,
			);
			path = MapView;
			sourceTree = "<group>";
		};
		E0F74EAC221B725200707338 /* Base */ = {
			isa = PBXGroup;
			children = (
				E01CDABA221F5F8500419D76 /* Result */,
				E01CDAB0221F5A4700419D76 /* Locatable */,
				E053266A221DE7E80083E38D /* Router */,
				E0F74EB7221B770A00707338 /* Storyboardable */,
				E0F74EB0221B74E200707338 /* Presentable */,
				E0F74EAF221B74D300707338 /* Coordinator */,
			);
			path = Base;
			sourceTree = "<group>";
		};
		E0F74EAF221B74D300707338 /* Coordinator */ = {
			isa = PBXGroup;
			children = (
				E0F74EAD221B74A600707338 /* Coordinator.swift */,
				E0532671221E0DCB0083E38D /* BaseCoordinator.swift */,
			);
			path = Coordinator;
			sourceTree = "<group>";
		};
		E0F74EB0221B74E200707338 /* Presentable */ = {
			isa = PBXGroup;
			children = (
				E053264B221CAC070083E38D /* Presentable.swift */,
				E053264D221CAC270083E38D /* Presenter.swift */,
				E053266D221DE9BF0083E38D /* WindowProviding.swift */,
			);
			path = Presentable;
			sourceTree = "<group>";
		};
		E0F74EB7221B770A00707338 /* Storyboardable */ = {
			isa = PBXGroup;
			children = (
				E0F74EB8221B771D00707338 /* Storyboardable.swift */,
			);
			path = Storyboardable;
			sourceTree = "<group>";
		};
/* End PBXGroup section */

/* Begin PBXNativeTarget section */
		E0F74E7C221B676E00707338 /* SweetSpot */ = {
			isa = PBXNativeTarget;
			buildConfigurationList = E0F74E9D221B677100707338 /* Build configuration list for PBXNativeTarget "SweetSpot" */;
			buildPhases = (
				4FE843BEF979088FD386D858 /* [CP] Check Pods Manifest.lock */,
				E0F74E79221B676E00707338 /* Sources */,
				E0F74E7A221B676E00707338 /* Frameworks */,
				E0F74E7B221B676E00707338 /* Resources */,
			);
			buildRules = (
			);
			dependencies = (
			);
			name = SweetSpot;
			productName = SweetSpot;
			productReference = E0F74E7D221B676E00707338 /* SweetSpot.app */;
			productType = "com.apple.product-type.application";
		};
		E0F74E93221B677000707338 /* SweetSpotTests */ = {
			isa = PBXNativeTarget;
			buildConfigurationList = E0F74EA0221B677100707338 /* Build configuration list for PBXNativeTarget "SweetSpotTests" */;
			buildPhases = (
				1ED27A8B27529C9A4B36B261 /* [CP] Check Pods Manifest.lock */,
				E0F74E90221B677000707338 /* Sources */,
				E0F74E91221B677000707338 /* Frameworks */,
				E0F74E92221B677000707338 /* Resources */,
				C58ABC5E81C59DA600CCA465 /* [CP] Embed Pods Frameworks */,
			);
			buildRules = (
			);
			dependencies = (
				E0F74E96221B677100707338 /* PBXTargetDependency */,
			);
			name = SweetSpotTests;
			productName = SweetSpotTests;
			productReference = E0F74E94221B677000707338 /* SweetSpotTests.xctest */;
			productType = "com.apple.product-type.bundle.unit-test";
		};
/* End PBXNativeTarget section */

/* Begin PBXProject section */
		E0F74E75221B676E00707338 /* Project object */ = {
			isa = PBXProject;
			attributes = {
				LastSwiftUpdateCheck = 1010;
				LastUpgradeCheck = 1010;
				ORGANIZATIONNAME = SweetSpot;
				TargetAttributes = {
					E0F74E7C221B676E00707338 = {
						CreatedOnToolsVersion = 10.1;
					};
					E0F74E93221B677000707338 = {
						CreatedOnToolsVersion = 10.1;
						LastSwiftMigration = 1010;
						TestTargetID = E0F74E7C221B676E00707338;
					};
				};
			};
			buildConfigurationList = E0F74E78221B676E00707338 /* Build configuration list for PBXProject "SweetSpot" */;
			compatibilityVersion = "Xcode 9.3";
			developmentRegion = en;
			hasScannedForEncodings = 0;
			knownRegions = (
				en,
				Base,
			);
			mainGroup = E0F74E74221B676E00707338;
			productRefGroup = E0F74E7E221B676E00707338 /* Products */;
			projectDirPath = "";
			projectRoot = "";
			targets = (
				E0F74E7C221B676E00707338 /* SweetSpot */,
				E0F74E93221B677000707338 /* SweetSpotTests */,
			);
		};
/* End PBXProject section */

/* Begin PBXResourcesBuildPhase section */
		E0F74E7B221B676E00707338 /* Resources */ = {
			isa = PBXResourcesBuildPhase;
			buildActionMask = 2147483647;
			files = (
				E0F74E8E221B677000707338 /* LaunchScreen.storyboard in Resources */,
				E0F74E8B221B677000707338 /* Assets.xcassets in Resources */,
				E0F74EA9221B722000707338 /* MapViewController.storyboard in Resources */,
			);
			runOnlyForDeploymentPostprocessing = 0;
		};
		E0F74E92221B677000707338 /* Resources */ = {
			isa = PBXResourcesBuildPhase;
			buildActionMask = 2147483647;
			files = (
			);
			runOnlyForDeploymentPostprocessing = 0;
		};
/* End PBXResourcesBuildPhase section */

/* Begin PBXShellScriptBuildPhase section */
		1ED27A8B27529C9A4B36B261 /* [CP] Check Pods Manifest.lock */ = {
			isa = PBXShellScriptBuildPhase;
			buildActionMask = 2147483647;
			files = (
			);
			inputFileListPaths = (
			);
			inputPaths = (
				"${PODS_PODFILE_DIR_PATH}/Podfile.lock",
				"${PODS_ROOT}/Manifest.lock",
			);
			name = "[CP] Check Pods Manifest.lock";
			outputFileListPaths = (
			);
			outputPaths = (
				"$(DERIVED_FILE_DIR)/Pods-SweetSpotTests-checkManifestLockResult.txt",
			);
			runOnlyForDeploymentPostprocessing = 0;
			shellPath = /bin/sh;
			shellScript = "diff \"${PODS_PODFILE_DIR_PATH}/Podfile.lock\" \"${PODS_ROOT}/Manifest.lock\" > /dev/null\nif [ $? != 0 ] ; then\n    # print error to STDERR\n    echo \"error: The sandbox is not in sync with the Podfile.lock. Run 'pod install' or update your CocoaPods installation.\" >&2\n    exit 1\nfi\n# This output is used by Xcode 'outputs' to avoid re-running this script phase.\necho \"SUCCESS\" > \"${SCRIPT_OUTPUT_FILE_0}\"\n";
			showEnvVarsInLog = 0;
		};
		4FE843BEF979088FD386D858 /* [CP] Check Pods Manifest.lock */ = {
			isa = PBXShellScriptBuildPhase;
			buildActionMask = 2147483647;
			files = (
			);
			inputFileListPaths = (
			);
			inputPaths = (
				"${PODS_PODFILE_DIR_PATH}/Podfile.lock",
				"${PODS_ROOT}/Manifest.lock",
			);
			name = "[CP] Check Pods Manifest.lock";
			outputFileListPaths = (
			);
			outputPaths = (
				"$(DERIVED_FILE_DIR)/Pods-SweetSpot-checkManifestLockResult.txt",
			);
			runOnlyForDeploymentPostprocessing = 0;
			shellPath = /bin/sh;
			shellScript = "diff \"${PODS_PODFILE_DIR_PATH}/Podfile.lock\" \"${PODS_ROOT}/Manifest.lock\" > /dev/null\nif [ $? != 0 ] ; then\n    # print error to STDERR\n    echo \"error: The sandbox is not in sync with the Podfile.lock. Run 'pod install' or update your CocoaPods installation.\" >&2\n    exit 1\nfi\n# This output is used by Xcode 'outputs' to avoid re-running this script phase.\necho \"SUCCESS\" > \"${SCRIPT_OUTPUT_FILE_0}\"\n";
			showEnvVarsInLog = 0;
		};
		C58ABC5E81C59DA600CCA465 /* [CP] Embed Pods Frameworks */ = {
			isa = PBXShellScriptBuildPhase;
			buildActionMask = 2147483647;
			files = (
			);
			inputFileListPaths = (
			);
			inputPaths = (
				"${PODS_ROOT}/Target Support Files/Pods-SweetSpotTests/Pods-SweetSpotTests-frameworks.sh",
				"${BUILT_PRODUCTS_DIR}/Nimble/Nimble.framework",
				"${BUILT_PRODUCTS_DIR}/Quick/Quick.framework",
			);
			name = "[CP] Embed Pods Frameworks";
			outputFileListPaths = (
			);
			outputPaths = (
				"${TARGET_BUILD_DIR}/${FRAMEWORKS_FOLDER_PATH}/Nimble.framework",
				"${TARGET_BUILD_DIR}/${FRAMEWORKS_FOLDER_PATH}/Quick.framework",
			);
			runOnlyForDeploymentPostprocessing = 0;
			shellPath = /bin/sh;
			shellScript = "\"${PODS_ROOT}/Target Support Files/Pods-SweetSpotTests/Pods-SweetSpotTests-frameworks.sh\"\n";
			showEnvVarsInLog = 0;
		};
/* End PBXShellScriptBuildPhase section */

/* Begin PBXSourcesBuildPhase section */
		E0F74E79221B676E00707338 /* Sources */ = {
			isa = PBXSourcesBuildPhase;
			buildActionMask = 2147483647;
			files = (
				E0532670221DED150083E38D /* ApplicationChildCoordinatorFactory.swift in Sources */,
				E070B5B2221C97DB00AD3623 /* MapViewController.swift in Sources */,
				E053265D221CC0050083E38D /* ApplicationState.swift in Sources */,
				E0B2E0B92229A81400C07A1A /* NetworkDispatcher.swift in Sources */,
				E0532666221CC2390083E38D /* UserSessionDataStore.swift in Sources */,
				E01CDABE221F64E400419D76 /* String+extension.swift in Sources */,
				E0532672221E0DCB0083E38D /* BaseCoordinator.swift in Sources */,
				E01CDAA6221F366300419D76 /* Color.swift in Sources */,
				E01CDABC221F5F9400419D76 /* Result.swift in Sources */,
				E01CDAB4221F5AFE00419D76 /* UserLocatableProvider.swift in Sources */,
				E053265B221CBEB20083E38D /* PersistanceContainer.swift in Sources */,
				E0F74EAB221B724700707338 /* MapViewCoordinator.swift in Sources */,
				E0F74EAE221B74A600707338 /* Coordinator.swift in Sources */,
				E0B2E0B22229A5D600C07A1A /* RequestData.swift in Sources */,
				E01CDAB2221F5A5C00419D76 /* Locatable.swift in Sources */,
				E053264E221CAC270083E38D /* Presenter.swift in Sources */,
				E01CDAA4221F332A00419D76 /* UIColor+extension.swift in Sources */,
				E0F74E81221B676E00707338 /* AppDelegate.swift in Sources */,
				E0532654221CB06B0083E38D /* ApplicationCoordinator.swift in Sources */,
				E070B5B0221C964200AD3623 /* MapViewPresentableFactory.swift in Sources */,
				E01CDAC0221F66D900419D76 /* UIApplication+extension.swift in Sources */,
				E053266C221DE7F40083E38D /* Router.swift in Sources */,
				E0F74E89221B676E00707338 /* SweetSpot.xcdatamodeld in Sources */,
				E0532664221CC1B40083E38D /* RemoteUserSession.swift in Sources */,
				E01CDAAF221F515300419D76 /* UIViewController+AlertManager.swift in Sources */,
				E053266E221DE9BF0083E38D /* WindowProviding.swift in Sources */,
				E0532669221DE7730083E38D /* BasePresentableFactory.swift in Sources */,
				E0F74EB9221B771D00707338 /* Storyboardable.swift in Sources */,
				E0B2E0B42229A71D00C07A1A /* RequestType.swift in Sources */,
				E053264C221CAC070083E38D /* Presentable.swift in Sources */,
				E01CDAB6221F5C2600419D76 /* LocatableProvider.swift in Sources */,
				E01CDAB8221F5D6400419D76 /* UserLocatableService.swift in Sources */,
				E0532660221CC0DC0083E38D /* UserSession.swift in Sources */,
				E0532662221CC1780083E38D /* UserProfile.swift in Sources */,
				E01CDAAC221F4C9F00419D76 /* MapViewModel.swift in Sources */,
			);
			runOnlyForDeploymentPostprocessing = 0;
		};
		E0F74E90221B677000707338 /* Sources */ = {
			isa = PBXSourcesBuildPhase;
			buildActionMask = 2147483647;
			files = (
				E0B2E0C72229B24800C07A1A /* MockRouter.swift in Sources */,
				E0B2E0C02229AFAD00C07A1A /* MapViewCoordinatorTests.swift in Sources */,
			);
			runOnlyForDeploymentPostprocessing = 0;
		};
/* End PBXSourcesBuildPhase section */

/* Begin PBXTargetDependency section */
		E0F74E96221B677100707338 /* PBXTargetDependency */ = {
			isa = PBXTargetDependency;
			target = E0F74E7C221B676E00707338 /* SweetSpot */;
			targetProxy = E0F74E95221B677100707338 /* PBXContainerItemProxy */;
		};
/* End PBXTargetDependency section */

/* Begin PBXVariantGroup section */
		E0F74E8C221B677000707338 /* LaunchScreen.storyboard */ = {
			isa = PBXVariantGroup;
			children = (
				E0F74E8D221B677000707338 /* Base */,
			);
			name = LaunchScreen.storyboard;
			sourceTree = "<group>";
		};
/* End PBXVariantGroup section */

/* Begin XCBuildConfiguration section */
		E0F74E9B221B677100707338 /* Debug */ = {
			isa = XCBuildConfiguration;
			buildSettings = {
				ALWAYS_SEARCH_USER_PATHS = NO;
				CLANG_ANALYZER_NONNULL = YES;
				CLANG_ANALYZER_NUMBER_OBJECT_CONVERSION = YES_AGGRESSIVE;
				CLANG_CXX_LANGUAGE_STANDARD = "gnu++14";
				CLANG_CXX_LIBRARY = "libc++";
				CLANG_ENABLE_MODULES = YES;
				CLANG_ENABLE_OBJC_ARC = YES;
				CLANG_ENABLE_OBJC_WEAK = YES;
				CLANG_WARN_BLOCK_CAPTURE_AUTORELEASING = YES;
				CLANG_WARN_BOOL_CONVERSION = YES;
				CLANG_WARN_COMMA = YES;
				CLANG_WARN_CONSTANT_CONVERSION = YES;
				CLANG_WARN_DEPRECATED_OBJC_IMPLEMENTATIONS = YES;
				CLANG_WARN_DIRECT_OBJC_ISA_USAGE = YES_ERROR;
				CLANG_WARN_DOCUMENTATION_COMMENTS = YES;
				CLANG_WARN_EMPTY_BODY = YES;
				CLANG_WARN_ENUM_CONVERSION = YES;
				CLANG_WARN_INFINITE_RECURSION = YES;
				CLANG_WARN_INT_CONVERSION = YES;
				CLANG_WARN_NON_LITERAL_NULL_CONVERSION = YES;
				CLANG_WARN_OBJC_IMPLICIT_RETAIN_SELF = YES;
				CLANG_WARN_OBJC_LITERAL_CONVERSION = YES;
				CLANG_WARN_OBJC_ROOT_CLASS = YES_ERROR;
				CLANG_WARN_RANGE_LOOP_ANALYSIS = YES;
				CLANG_WARN_STRICT_PROTOTYPES = YES;
				CLANG_WARN_SUSPICIOUS_MOVE = YES;
				CLANG_WARN_UNGUARDED_AVAILABILITY = YES_AGGRESSIVE;
				CLANG_WARN_UNREACHABLE_CODE = YES;
				CLANG_WARN__DUPLICATE_METHOD_MATCH = YES;
				CODE_SIGN_IDENTITY = "iPhone Developer";
				COPY_PHASE_STRIP = NO;
				DEBUG_INFORMATION_FORMAT = dwarf;
				ENABLE_STRICT_OBJC_MSGSEND = YES;
				ENABLE_TESTABILITY = YES;
				GCC_C_LANGUAGE_STANDARD = gnu11;
				GCC_DYNAMIC_NO_PIC = NO;
				GCC_NO_COMMON_BLOCKS = YES;
				GCC_OPTIMIZATION_LEVEL = 0;
				GCC_PREPROCESSOR_DEFINITIONS = (
					"DEBUG=1",
					"$(inherited)",
				);
				GCC_WARN_64_TO_32_BIT_CONVERSION = YES;
				GCC_WARN_ABOUT_RETURN_TYPE = YES_ERROR;
				GCC_WARN_UNDECLARED_SELECTOR = YES;
				GCC_WARN_UNINITIALIZED_AUTOS = YES_AGGRESSIVE;
				GCC_WARN_UNUSED_FUNCTION = YES;
				GCC_WARN_UNUSED_VARIABLE = YES;
				IPHONEOS_DEPLOYMENT_TARGET = 12.1;
				MTL_ENABLE_DEBUG_INFO = INCLUDE_SOURCE;
				MTL_FAST_MATH = YES;
				ONLY_ACTIVE_ARCH = YES;
				SDKROOT = iphoneos;
				SWIFT_ACTIVE_COMPILATION_CONDITIONS = DEBUG;
				SWIFT_OPTIMIZATION_LEVEL = "-Onone";
			};
			name = Debug;
		};
		E0F74E9C221B677100707338 /* Release */ = {
			isa = XCBuildConfiguration;
			buildSettings = {
				ALWAYS_SEARCH_USER_PATHS = NO;
				CLANG_ANALYZER_NONNULL = YES;
				CLANG_ANALYZER_NUMBER_OBJECT_CONVERSION = YES_AGGRESSIVE;
				CLANG_CXX_LANGUAGE_STANDARD = "gnu++14";
				CLANG_CXX_LIBRARY = "libc++";
				CLANG_ENABLE_MODULES = YES;
				CLANG_ENABLE_OBJC_ARC = YES;
				CLANG_ENABLE_OBJC_WEAK = YES;
				CLANG_WARN_BLOCK_CAPTURE_AUTORELEASING = YES;
				CLANG_WARN_BOOL_CONVERSION = YES;
				CLANG_WARN_COMMA = YES;
				CLANG_WARN_CONSTANT_CONVERSION = YES;
				CLANG_WARN_DEPRECATED_OBJC_IMPLEMENTATIONS = YES;
				CLANG_WARN_DIRECT_OBJC_ISA_USAGE = YES_ERROR;
				CLANG_WARN_DOCUMENTATION_COMMENTS = YES;
				CLANG_WARN_EMPTY_BODY = YES;
				CLANG_WARN_ENUM_CONVERSION = YES;
				CLANG_WARN_INFINITE_RECURSION = YES;
				CLANG_WARN_INT_CONVERSION = YES;
				CLANG_WARN_NON_LITERAL_NULL_CONVERSION = YES;
				CLANG_WARN_OBJC_IMPLICIT_RETAIN_SELF = YES;
				CLANG_WARN_OBJC_LITERAL_CONVERSION = YES;
				CLANG_WARN_OBJC_ROOT_CLASS = YES_ERROR;
				CLANG_WARN_RANGE_LOOP_ANALYSIS = YES;
				CLANG_WARN_STRICT_PROTOTYPES = YES;
				CLANG_WARN_SUSPICIOUS_MOVE = YES;
				CLANG_WARN_UNGUARDED_AVAILABILITY = YES_AGGRESSIVE;
				CLANG_WARN_UNREACHABLE_CODE = YES;
				CLANG_WARN__DUPLICATE_METHOD_MATCH = YES;
				CODE_SIGN_IDENTITY = "iPhone Developer";
				COPY_PHASE_STRIP = NO;
				DEBUG_INFORMATION_FORMAT = "dwarf-with-dsym";
				ENABLE_NS_ASSERTIONS = NO;
				ENABLE_STRICT_OBJC_MSGSEND = YES;
				GCC_C_LANGUAGE_STANDARD = gnu11;
				GCC_NO_COMMON_BLOCKS = YES;
				GCC_WARN_64_TO_32_BIT_CONVERSION = YES;
				GCC_WARN_ABOUT_RETURN_TYPE = YES_ERROR;
				GCC_WARN_UNDECLARED_SELECTOR = YES;
				GCC_WARN_UNINITIALIZED_AUTOS = YES_AGGRESSIVE;
				GCC_WARN_UNUSED_FUNCTION = YES;
				GCC_WARN_UNUSED_VARIABLE = YES;
				IPHONEOS_DEPLOYMENT_TARGET = 12.1;
				MTL_ENABLE_DEBUG_INFO = NO;
				MTL_FAST_MATH = YES;
				SDKROOT = iphoneos;
				SWIFT_COMPILATION_MODE = wholemodule;
				SWIFT_OPTIMIZATION_LEVEL = "-O";
				VALIDATE_PRODUCT = YES;
			};
			name = Release;
		};
		E0F74E9E221B677100707338 /* Debug */ = {
			isa = XCBuildConfiguration;
			baseConfigurationReference = 9EC11EA88B1EE4AAC912F748 /* Pods-SweetSpot.debug.xcconfig */;
			buildSettings = {
				ASSETCATALOG_COMPILER_APPICON_NAME = AppIcon;
				CODE_SIGN_STYLE = Automatic;
				DEVELOPMENT_TEAM = 4X2YU7S2XU;
				INFOPLIST_FILE = "$(SRCROOT)/SweetSpot/Resources/Info.plist";
				LD_RUNPATH_SEARCH_PATHS = (
					"$(inherited)",
					"@executable_path/Frameworks",
				);
				PRODUCT_BUNDLE_IDENTIFIER = coreyDavis.SweetSpot;
				PRODUCT_NAME = "$(TARGET_NAME)";
				SWIFT_VERSION = 4.2;
				TARGETED_DEVICE_FAMILY = "1,2";
			};
			name = Debug;
		};
		E0F74E9F221B677100707338 /* Release */ = {
			isa = XCBuildConfiguration;
			baseConfigurationReference = 6594D32E4A8BD2EE909B2A79 /* Pods-SweetSpot.release.xcconfig */;
			buildSettings = {
				ASSETCATALOG_COMPILER_APPICON_NAME = AppIcon;
				CODE_SIGN_STYLE = Automatic;
				DEVELOPMENT_TEAM = 4X2YU7S2XU;
				INFOPLIST_FILE = "$(SRCROOT)/SweetSpot/Resources/Info.plist";
				LD_RUNPATH_SEARCH_PATHS = (
					"$(inherited)",
					"@executable_path/Frameworks",
				);
				PRODUCT_BUNDLE_IDENTIFIER = coreyDavis.SweetSpot;
				PRODUCT_NAME = "$(TARGET_NAME)";
				SWIFT_VERSION = 4.2;
				TARGETED_DEVICE_FAMILY = "1,2";
			};
			name = Release;
		};
		E0F74EA1221B677100707338 /* Debug */ = {
			isa = XCBuildConfiguration;
			baseConfigurationReference = 5397CAD1105F18A1F3ED0DA6 /* Pods-SweetSpotTests.debug.xcconfig */;
			buildSettings = {
				ALWAYS_EMBED_SWIFT_STANDARD_LIBRARIES = YES;
				BUNDLE_LOADER = "$(TEST_HOST)";
				CLANG_ENABLE_MODULES = YES;
				CODE_SIGN_STYLE = Automatic;
				DEVELOPMENT_TEAM = 4X2YU7S2XU;
				INFOPLIST_FILE = SweetSpotTests/Resources/Info.plist;
				LD_RUNPATH_SEARCH_PATHS = (
					"$(inherited)",
					"@executable_path/Frameworks",
					"@loader_path/Frameworks",
				);
				PRODUCT_BUNDLE_IDENTIFIER = coreyDavis.SweetSpotTests;
				PRODUCT_NAME = "$(TARGET_NAME)";
				SWIFT_OBJC_BRIDGING_HEADER = "SweetSpotTests/Resources/SweetSpotTests-Bridging-Header.h";
				SWIFT_OPTIMIZATION_LEVEL = "-Onone";
				SWIFT_VERSION = 4.2;
				TARGETED_DEVICE_FAMILY = "1,2";
				TEST_HOST = "$(BUILT_PRODUCTS_DIR)/SweetSpot.app/SweetSpot";
			};
			name = Debug;
		};
		E0F74EA2221B677100707338 /* Release */ = {
			isa = XCBuildConfiguration;
			baseConfigurationReference = 241B982FF8B31ABF5DC9A587 /* Pods-SweetSpotTests.release.xcconfig */;
			buildSettings = {
				ALWAYS_EMBED_SWIFT_STANDARD_LIBRARIES = YES;
				BUNDLE_LOADER = "$(TEST_HOST)";
				CLANG_ENABLE_MODULES = YES;
				CODE_SIGN_STYLE = Automatic;
				DEVELOPMENT_TEAM = 4X2YU7S2XU;
				INFOPLIST_FILE = SweetSpotTests/Resources/Info.plist;
				LD_RUNPATH_SEARCH_PATHS = (
					"$(inherited)",
					"@executable_path/Frameworks",
					"@loader_path/Frameworks",
				);
				PRODUCT_BUNDLE_IDENTIFIER = coreyDavis.SweetSpotTests;
				PRODUCT_NAME = "$(TARGET_NAME)";
				SWIFT_OBJC_BRIDGING_HEADER = "SweetSpotTests/Resources/SweetSpotTests-Bridging-Header.h";
				SWIFT_VERSION = 4.2;
				TARGETED_DEVICE_FAMILY = "1,2";
				TEST_HOST = "$(BUILT_PRODUCTS_DIR)/SweetSpot.app/SweetSpot";
			};
			name = Release;
		};
/* End XCBuildConfiguration section */

/* Begin XCConfigurationList section */
		E0F74E78221B676E00707338 /* Build configuration list for PBXProject "SweetSpot" */ = {
			isa = XCConfigurationList;
			buildConfigurations = (
				E0F74E9B221B677100707338 /* Debug */,
				E0F74E9C221B677100707338 /* Release */,
			);
			defaultConfigurationIsVisible = 0;
			defaultConfigurationName = Release;
		};
		E0F74E9D221B677100707338 /* Build configuration list for PBXNativeTarget "SweetSpot" */ = {
			isa = XCConfigurationList;
			buildConfigurations = (
				E0F74E9E221B677100707338 /* Debug */,
				E0F74E9F221B677100707338 /* Release */,
			);
			defaultConfigurationIsVisible = 0;
			defaultConfigurationName = Release;
		};
		E0F74EA0221B677100707338 /* Build configuration list for PBXNativeTarget "SweetSpotTests" */ = {
			isa = XCConfigurationList;
			buildConfigurations = (
				E0F74EA1221B677100707338 /* Debug */,
				E0F74EA2221B677100707338 /* Release */,
			);
			defaultConfigurationIsVisible = 0;
			defaultConfigurationName = Release;
		};
/* End XCConfigurationList section */

/* Begin XCVersionGroup section */
		E0F74E87221B676E00707338 /* SweetSpot.xcdatamodeld */ = {
			isa = XCVersionGroup;
			children = (
				E0F74E88221B676E00707338 /* SweetSpot.xcdatamodel */,
			);
			currentVersion = E0F74E88221B676E00707338 /* SweetSpot.xcdatamodel */;
			path = SweetSpot.xcdatamodeld;
			sourceTree = "<group>";
			versionGroupType = wrapper.xcdatamodel;
		};
/* End XCVersionGroup section */
	};
	rootObject = E0F74E75221B676E00707338 /* Project object */;
}
